
Microsoft Visual Studio Solution File, Format Version 12.00
# Visual Studio Version 17
VisualStudioVersion = 17.6.33815.320
MinimumVisualStudioVersion = 10.0.40219.1
Project("{FAE04EC0-301F-11D3-BF4B-00C04F79EFBC}") = "WebFormsWithTracing", "WebFormsWithTracing\WebFormsWithTracing.csproj", "{4A98AC59-C629-46BB-AA51-005280015952}"
EndProject
Global
	GlobalSection(SolutionConfigurationPlatforms) = preSolution
		Debug|Any CPU = Debug|Any CPU
		Release|Any CPU = Release|Any CPU
	EndGlobalSection
	GlobalSection(ProjectConfigurationPlatforms) = postSolution
		{4A98AC59-C629-46BB-AA51-005280015952}.Debug|Any CPU.ActiveCfg = Debug|Any CPU
		{4A98AC59-C629-46BB-AA51-005280015952}.Debug|Any CPU.Build.0 = Debug|Any CPU
		{4A98AC59-C629-46BB-AA51-005280015952}.Release|Any CPU.ActiveCfg = Release|Any CPU
		{4A98AC59-C629-46BB-AA51-005280015952}.Release|Any CPU.Build.0 = Release|Any CPU
	EndGlobalSection
	GlobalSection(SolutionProperties) = preSolution
		HideSolutionNode = FALSE
	EndGlobalSection
	GlobalSection(ExtensibilityGlobals) = postSolution
		SolutionGuid = {0C4F1BD1-0E26-4DE9-A11C-8D54BB1794BE}
	EndGlobalSection
EndGlobal
